
Microsoft Visual Studio Solution File, Format Version 12.00
# Visual Studio 2012
Project("{FAE04EC0-301F-11D3-BF4B-00C04F79EFBC}") = "Cloud", "Cloud\Cloud.csproj", "{47F7A1AD-9B89-4E58-8590-55DD14F1327C}"
EndProject
Project("{FAE04EC0-301F-11D3-BF4B-00C04F79EFBC}") = "Dominio", "Dominio\Dominio.csproj", "{B753D963-65A7-4C39-AD25-2A757726B3FB}"
EndProject
Project("{FAE04EC0-301F-11D3-BF4B-00C04F79EFBC}") = "Repositorio", "Repositorio\Repositorio.csproj", "{B18F8531-D992-4E3C-85EA-EDC6A9D514DD}"
EndProject
Project("{FAE04EC0-301F-11D3-BF4B-00C04F79EFBC}") = "Web", "Web\Web.csproj", "{3D5D7886-58B7-4373-962B-BDCC1BE84340}"
EndProject
Project("{00D1A9C2-B5F0-4AF3-8072-F6C62B433612}") = "Database", "Database\Database.sqlproj", "{BB98E5AF-AD1C-4C94-8E05-C2624CFCF25D}"
EndProject
Project("{FAE04EC0-301F-11D3-BF4B-00C04F79EFBC}") = "WindowsClient", "WindowsClient\WindowsClient.csproj", "{E09F6647-BF67-436F-963D-A308A41AAD62}"
	ProjectSection(ProjectDependencies) = postProject
		{47F7A1AD-9B89-4E58-8590-55DD14F1327C} = {47F7A1AD-9B89-4E58-8590-55DD14F1327C}
	EndProjectSection
EndProject
Global
	GlobalSection(SolutionConfigurationPlatforms) = preSolution
		Debug|Any CPU = Debug|Any CPU
		Debug|ARM = Debug|ARM
		Debug|Mixed Platforms = Debug|Mixed Platforms
		Debug|Win32 = Debug|Win32
		Debug|x64 = Debug|x64
		Debug|x86 = Debug|x86
		Release|Any CPU = Release|Any CPU
		Release|ARM = Release|ARM
		Release|Mixed Platforms = Release|Mixed Platforms
		Release|Win32 = Release|Win32
		Release|x64 = Release|x64
		Release|x86 = Release|x86
	EndGlobalSection
	GlobalSection(ProjectConfigurationPlatforms) = postSolution
		{47F7A1AD-9B89-4E58-8590-55DD14F1327C}.Debug|Any CPU.ActiveCfg = Debug|Any CPU
		{47F7A1AD-9B89-4E58-8590-55DD14F1327C}.Debug|Any CPU.Build.0 = Debug|Any CPU
		{47F7A1AD-9B89-4E58-8590-55DD14F1327C}.Debug|ARM.ActiveCfg = Debug|Any CPU
		{47F7A1AD-9B89-4E58-8590-55DD14F1327C}.Debug|Mixed Platforms.ActiveCfg = Debug|Any CPU
		{47F7A1AD-9B89-4E58-8590-55DD14F1327C}.Debug|Mixed Platforms.Build.0 = Debug|Any CPU
		{47F7A1AD-9B89-4E58-8590-55DD14F1327C}.Debug|Win32.ActiveCfg = Debug|Any CPU
		{47F7A1AD-9B89-4E58-8590-55DD14F1327C}.Debug|x64.ActiveCfg = Debug|Any CPU
		{47F7A1AD-9B89-4E58-8590-55DD14F1327C}.Debug|x86.ActiveCfg = Debug|Any CPU
		{47F7A1AD-9B89-4E58-8590-55DD14F1327C}.Release|Any CPU.ActiveCfg = Release|Any CPU
		{47F7A1AD-9B89-4E58-8590-55DD14F1327C}.Release|Any CPU.Build.0 = Release|Any CPU
		{47F7A1AD-9B89-4E58-8590-55DD14F1327C}.Release|ARM.ActiveCfg = Release|Any CPU
		{47F7A1AD-9B89-4E58-8590-55DD14F1327C}.Release|Mixed Platforms.ActiveCfg = Release|Any CPU
		{47F7A1AD-9B89-4E58-8590-55DD14F1327C}.Release|Mixed Platforms.Build.0 = Release|Any CPU
		{47F7A1AD-9B89-4E58-8590-55DD14F1327C}.Release|Win32.ActiveCfg = Release|Any CPU
		{47F7A1AD-9B89-4E58-8590-55DD14F1327C}.Release|x64.ActiveCfg = Release|Any CPU
		{47F7A1AD-9B89-4E58-8590-55DD14F1327C}.Release|x86.ActiveCfg = Release|Any CPU
		{B753D963-65A7-4C39-AD25-2A757726B3FB}.Debug|Any CPU.ActiveCfg = Debug|Any CPU
		{B753D963-65A7-4C39-AD25-2A757726B3FB}.Debug|Any CPU.Build.0 = Debug|Any CPU
		{B753D963-65A7-4C39-AD25-2A757726B3FB}.Debug|ARM.ActiveCfg = Debug|Any CPU
		{B753D963-65A7-4C39-AD25-2A757726B3FB}.Debug|Mixed Platforms.ActiveCfg = Debug|Any CPU
		{B753D963-65A7-4C39-AD25-2A757726B3FB}.Debug|Mixed Platforms.Build.0 = Debug|Any CPU
		{B753D963-65A7-4C39-AD25-2A757726B3FB}.Debug|Win32.ActiveCfg = Debug|Any CPU
		{B753D963-65A7-4C39-AD25-2A757726B3FB}.Debug|x64.ActiveCfg = Debug|Any CPU
		{B753D963-65A7-4C39-AD25-2A757726B3FB}.Debug|x86.ActiveCfg = Debug|Any CPU
		{B753D963-65A7-4C39-AD25-2A757726B3FB}.Release|Any CPU.ActiveCfg = Release|Any CPU
		{B753D963-65A7-4C39-AD25-2A757726B3FB}.Release|Any CPU.Build.0 = Release|Any CPU
		{B753D963-65A7-4C39-AD25-2A757726B3FB}.Release|ARM.ActiveCfg = Release|Any CPU
		{B753D963-65A7-4C39-AD25-2A757726B3FB}.Release|Mixed Platforms.ActiveCfg = Release|Any CPU
		{B753D963-65A7-4C39-AD25-2A757726B3FB}.Release|Mixed Platforms.Build.0 = Release|Any CPU
		{B753D963-65A7-4C39-AD25-2A757726B3FB}.Release|Win32.ActiveCfg = Release|Any CPU
		{B753D963-65A7-4C39-AD25-2A757726B3FB}.Release|x64.ActiveCfg = Release|Any CPU
		{B753D963-65A7-4C39-AD25-2A757726B3FB}.Release|x86.ActiveCfg = Release|Any CPU
		{B18F8531-D992-4E3C-85EA-EDC6A9D514DD}.Debug|Any CPU.ActiveCfg = Debug|Any CPU
		{B18F8531-D992-4E3C-85EA-EDC6A9D514DD}.Debug|Any CPU.Build.0 = Debug|Any CPU
		{B18F8531-D992-4E3C-85EA-EDC6A9D514DD}.Debug|ARM.ActiveCfg = Debug|Any CPU
		{B18F8531-D992-4E3C-85EA-EDC6A9D514DD}.Debug|Mixed Platforms.ActiveCfg = Debug|Any CPU
		{B18F8531-D992-4E3C-85EA-EDC6A9D514DD}.Debug|Mixed Platforms.Build.0 = Debug|Any CPU
		{B18F8531-D992-4E3C-85EA-EDC6A9D514DD}.Debug|Win32.ActiveCfg = Debug|Any CPU
		{B18F8531-D992-4E3C-85EA-EDC6A9D514DD}.Debug|x64.ActiveCfg = Debug|Any CPU
		{B18F8531-D992-4E3C-85EA-EDC6A9D514DD}.Debug|x86.ActiveCfg = Debug|Any CPU
		{B18F8531-D992-4E3C-85EA-EDC6A9D514DD}.Release|Any CPU.ActiveCfg = Release|Any CPU
		{B18F8531-D992-4E3C-85EA-EDC6A9D514DD}.Release|Any CPU.Build.0 = Release|Any CPU
		{B18F8531-D992-4E3C-85EA-EDC6A9D514DD}.Release|ARM.ActiveCfg = Release|Any CPU
		{B18F8531-D992-4E3C-85EA-EDC6A9D514DD}.Release|Mixed Platforms.ActiveCfg = Release|Any CPU
		{B18F8531-D992-4E3C-85EA-EDC6A9D514DD}.Release|Mixed Platforms.Build.0 = Release|Any CPU
		{B18F8531-D992-4E3C-85EA-EDC6A9D514DD}.Release|Win32.ActiveCfg = Release|Any CPU
		{B18F8531-D992-4E3C-85EA-EDC6A9D514DD}.Release|x64.ActiveCfg = Release|Any CPU
		{B18F8531-D992-4E3C-85EA-EDC6A9D514DD}.Release|x86.ActiveCfg = Release|Any CPU
		{3D5D7886-58B7-4373-962B-BDCC1BE84340}.Debug|Any CPU.ActiveCfg = Debug|Any CPU
		{3D5D7886-58B7-4373-962B-BDCC1BE84340}.Debug|Any CPU.Build.0 = Debug|Any CPU
		{3D5D7886-58B7-4373-962B-BDCC1BE84340}.Debug|ARM.ActiveCfg = Debug|Any CPU
		{3D5D7886-58B7-4373-962B-BDCC1BE84340}.Debug|Mixed Platforms.ActiveCfg = Debug|Any CPU
		{3D5D7886-58B7-4373-962B-BDCC1BE84340}.Debug|Mixed Platforms.Build.0 = Debug|Any CPU
		{3D5D7886-58B7-4373-962B-BDCC1BE84340}.Debug|Win32.ActiveCfg = Debug|Any CPU
		{3D5D7886-58B7-4373-962B-BDCC1BE84340}.Debug|x64.ActiveCfg = Debug|Any CPU
		{3D5D7886-58B7-4373-962B-BDCC1BE84340}.Debug|x86.ActiveCfg = Debug|Any CPU
		{3D5D7886-58B7-4373-962B-BDCC1BE84340}.Release|Any CPU.ActiveCfg = Release|Any CPU
		{3D5D7886-58B7-4373-962B-BDCC1BE84340}.Release|Any CPU.Build.0 = Release|Any CPU
		{3D5D7886-58B7-4373-962B-BDCC1BE84340}.Release|ARM.ActiveCfg = Release|Any CPU
		{3D5D7886-58B7-4373-962B-BDCC1BE84340}.Release|Mixed Platforms.ActiveCfg = Release|Any CPU
		{3D5D7886-58B7-4373-962B-BDCC1BE84340}.Release|Mixed Platforms.Build.0 = Release|Any CPU
		{3D5D7886-58B7-4373-962B-BDCC1BE84340}.Release|Win32.ActiveCfg = Release|Any CPU
		{3D5D7886-58B7-4373-962B-BDCC1BE84340}.Release|x64.ActiveCfg = Release|Any CPU
		{3D5D7886-58B7-4373-962B-BDCC1BE84340}.Release|x86.ActiveCfg = Release|Any CPU
		{BB98E5AF-AD1C-4C94-8E05-C2624CFCF25D}.Debug|Any CPU.ActiveCfg = Debug|Any CPU
		{BB98E5AF-AD1C-4C94-8E05-C2624CFCF25D}.Debug|Any CPU.Build.0 = Debug|Any CPU
		{BB98E5AF-AD1C-4C94-8E05-C2624CFCF25D}.Debug|Any CPU.Deploy.0 = Debug|Any CPU
		{BB98E5AF-AD1C-4C94-8E05-C2624CFCF25D}.Debug|ARM.ActiveCfg = Debug|Any CPU
		{BB98E5AF-AD1C-4C94-8E05-C2624CFCF25D}.Debug|Mixed Platforms.ActiveCfg = Debug|Any CPU
		{BB98E5AF-AD1C-4C94-8E05-C2624CFCF25D}.Debug|Mixed Platforms.Build.0 = Debug|Any CPU
		{BB98E5AF-AD1C-4C94-8E05-C2624CFCF25D}.Debug|Mixed Platforms.Deploy.0 = Debug|Any CPU
		{BB98E5AF-AD1C-4C94-8E05-C2624CFCF25D}.Debug|Win32.ActiveCfg = Debug|Any CPU
		{BB98E5AF-AD1C-4C94-8E05-C2624CFCF25D}.Debug|x64.ActiveCfg = Debug|Any CPU
		{BB98E5AF-AD1C-4C94-8E05-C2624CFCF25D}.Debug|x86.ActiveCfg = Debug|Any CPU
		{BB98E5AF-AD1C-4C94-8E05-C2624CFCF25D}.Release|Any CPU.ActiveCfg = Release|Any CPU
		{BB98E5AF-AD1C-4C94-8E05-C2624CFCF25D}.Release|Any CPU.Build.0 = Release|Any CPU
		{BB98E5AF-AD1C-4C94-8E05-C2624CFCF25D}.Release|Any CPU.Deploy.0 = Release|Any CPU
		{BB98E5AF-AD1C-4C94-8E05-C2624CFCF25D}.Release|ARM.ActiveCfg = Release|Any CPU
		{BB98E5AF-AD1C-4C94-8E05-C2624CFCF25D}.Release|Mixed Platforms.ActiveCfg = Release|Any CPU
		{BB98E5AF-AD1C-4C94-8E05-C2624CFCF25D}.Release|Mixed Platforms.Build.0 = Release|Any CPU
		{BB98E5AF-AD1C-4C94-8E05-C2624CFCF25D}.Release|Mixed Platforms.Deploy.0 = Release|Any CPU
		{BB98E5AF-AD1C-4C94-8E05-C2624CFCF25D}.Release|Win32.ActiveCfg = Release|Any CPU
		{BB98E5AF-AD1C-4C94-8E05-C2624CFCF25D}.Release|x64.ActiveCfg = Release|Any CPU
		{BB98E5AF-AD1C-4C94-8E05-C2624CFCF25D}.Release|x86.ActiveCfg = Release|Any CPU
		{E09F6647-BF67-436F-963D-A308A41AAD62}.Debug|Any CPU.ActiveCfg = Debug|Any CPU
		{E09F6647-BF67-436F-963D-A308A41AAD62}.Debug|Any CPU.Build.0 = Debug|Any CPU
		{E09F6647-BF67-436F-963D-A308A41AAD62}.Debug|Any CPU.Deploy.0 = Debug|Any CPU
		{E09F6647-BF67-436F-963D-A308A41AAD62}.Debug|ARM.ActiveCfg = Debug|ARM
		{E09F6647-BF67-436F-963D-A308A41AAD62}.Debug|ARM.Build.0 = Debug|ARM
		{E09F6647-BF67-436F-963D-A308A41AAD62}.Debug|ARM.Deploy.0 = Debug|ARM
		{E09F6647-BF67-436F-963D-A308A41AAD62}.Debug|Mixed Platforms.ActiveCfg = Debug|x86
		{E09F6647-BF67-436F-963D-A308A41AAD62}.Debug|Mixed Platforms.Build.0 = Debug|x86
		{E09F6647-BF67-436F-963D-A308A41AAD62}.Debug|Mixed Platforms.Deploy.0 = Debug|x86
		{E09F6647-BF67-436F-963D-A308A41AAD62}.Debug|Win32.ActiveCfg = Debug|x86
		{E09F6647-BF67-436F-963D-A308A41AAD62}.Debug|Win32.Build.0 = Debug|x86
		{E09F6647-BF67-436F-963D-A308A41AAD62}.Debug|Win32.Deploy.0 = Debug|x86
		{E09F6647-BF67-436F-963D-A308A41AAD62}.Debug|x64.ActiveCfg = Debug|x64
		{E09F6647-BF67-436F-963D-A308A41AAD62}.Debug|x64.Build.0 = Debug|x64
		{E09F6647-BF67-436F-963D-A308A41AAD62}.Debug|x64.Deploy.0 = Debug|x64
		{E09F6647-BF67-436F-963D-A308A41AAD62}.Debug|x86.ActiveCfg = Debug|x86
		{E09F6647-BF67-436F-963D-A308A41AAD62}.Debug|x86.Build.0 = Debug|x86
		{E09F6647-BF67-436F-963D-A308A41AAD62}.Debug|x86.Deploy.0 = Debug|x86
		{E09F6647-BF67-436F-963D-A308A41AAD62}.Release|Any CPU.ActiveCfg = Release|Any CPU
		{E09F6647-BF67-436F-963D-A308A41AAD62}.Release|Any CPU.Build.0 = Release|Any CPU
		{E09F6647-BF67-436F-963D-A308A41AAD62}.Release|Any CPU.Deploy.0 = Release|Any CPU
		{E09F6647-BF67-436F-963D-A308A41AAD62}.Release|ARM.ActiveCfg = Release|ARM
		{E09F6647-BF67-436F-963D-A308A41AAD62}.Release|ARM.Build.0 = Release|ARM
		{E09F6647-BF67-436F-963D-A308A41AAD62}.Release|ARM.Deploy.0 = Release|ARM
		{E09F6647-BF67-436F-963D-A308A41AAD62}.Release|Mixed Platforms.ActiveCfg = Release|x86
		{E09F6647-BF67-436F-963D-A308A41AAD62}.Release|Mixed Platforms.Build.0 = Release|x86
		{E09F6647-BF67-436F-963D-A308A41AAD62}.Release|Mixed Platforms.Deploy.0 = Release|x86
		{E09F6647-BF67-436F-963D-A308A41AAD62}.Release|Win32.ActiveCfg = Release|x86
		{E09F6647-BF67-436F-963D-A308A41AAD62}.Release|Win32.Build.0 = Release|x86
		{E09F6647-BF67-436F-963D-A308A41AAD62}.Release|Win32.Deploy.0 = Release|x86
		{E09F6647-BF67-436F-963D-A308A41AAD62}.Release|x64.ActiveCfg = Release|x64
		{E09F6647-BF67-436F-963D-A308A41AAD62}.Release|x64.Build.0 = Release|x64
		{E09F6647-BF67-436F-963D-A308A41AAD62}.Release|x64.Deploy.0 = Release|x64
		{E09F6647-BF67-436F-963D-A308A41AAD62}.Release|x86.ActiveCfg = Release|x86
		{E09F6647-BF67-436F-963D-A308A41AAD62}.Release|x86.Build.0 = Release|x86
		{E09F6647-BF67-436F-963D-A308A41AAD62}.Release|x86.Deploy.0 = Release|x86
	EndGlobalSection
	GlobalSection(SolutionProperties) = preSolution
		HideSolutionNode = FALSE
	EndGlobalSection
EndGlobal
